
Microsoft Visual Studio Solution File, Format Version 12.00
# Visual Studio Version 16
VisualStudioVersion = 16.0.30503.244
MinimumVisualStudioVersion = 10.0.40219.1
Project("{8BC9CEB8-8B4A-11D0-8D11-00A0C91BC942}") = "ThePartingOfSarah", "ThePartingOfSarah\ThePartingOfSarah.vcxproj", "{EABFC491-223A-44C0-8E40-94DB68808CB9}"
EndProject
Global
	GlobalSection(SolutionConfigurationPlatforms) = preSolution
		Debug|x64 = Debug|x64
		Debug|x86 = Debug|x86
		Release|x64 = Release|x64
		Release|x86 = Release|x86
	EndGlobalSection
	GlobalSection(ProjectConfigurationPlatforms) = postSolution
		{EABFC491-223A-44C0-8E40-94DB68808CB9}.Debug|x64.ActiveCfg = Debug|x64
		{EABFC491-223A-44C0-8E40-94DB68808CB9}.Debug|x64.Build.0 = Debug|x64
		{EABFC491-223A-44C0-8E40-94DB68808CB9}.Debug|x86.ActiveCfg = Debug|Win32
		{EABFC491-223A-44C0-8E40-94DB68808CB9}.Debug|x86.Build.0 = Debug|Win32
		{EABFC491-223A-44C0-8E40-94DB68808CB9}.Release|x64.ActiveCfg = Release|x64
		{EABFC491-223A-44C0-8E40-94DB68808CB9}.Release|x64.Build.0 = Release|x64
		{EABFC491-223A-44C0-8E40-94DB68808CB9}.Release|x86.ActiveCfg = Release|Win32
		{EABFC491-223A-44C0-8E40-94DB68808CB9}.Release|x86.Build.0 = Release|Win32
	EndGlobalSection
	GlobalSection(SolutionProperties) = preSolution
		HideSolutionNode = FALSE
	EndGlobalSection
	GlobalSection(ExtensibilityGlobals) = postSolution
		SolutionGuid = {02454BFA-A72B-44CA-86C4-C7731D766DB8}
	EndGlobalSection
EndGlobal
