<?xml version="1.0" encoding="utf-8"?>
<Project ToolsVersion="4.0" xmlns="http://schemas.microsoft.com/developer/msbuild/2003">
  <ItemGroup>
    <Filter Include="Archivos de origen">
      <UniqueIdentifier>{4FC737F1-C7A5-4376-A066-2A32D752A2FF}</UniqueIdentifier>
      <Extensions>cpp;c;cc;cxx;c++;cppm;ixx;def;odl;idl;hpj;bat;asm;asmx</Extensions>
    </Filter>
    <Filter Include="Archivos de encabezado">
      <UniqueIdentifier>{93995380-89BD-4b04-88EB-625FBE52EBFB}</UniqueIdentifier>
      <Extensions>h;hh;hpp;hxx;h++;hm;inl;inc;ipp;xsd</Extensions>
    </Filter>
    <Filter Include="Archivos de recursos">
      <UniqueIdentifier>{67DA6AB6-F800-4c08-8B7A-83BB121AAD01}</UniqueIdentifier>
      <Extensions>rc;ico;cur;bmp;dlg;rc2;rct;bin;rgs;gif;jpg;jpeg;jpe;resx;tiff;tif;png;wav;mfcribbon-ms</Extensions>
    </Filter>
    <Filter Include="Archivos de origen\Layers">
      <UniqueIdentifier>{0a1b13c9-f6db-414b-8a63-484713cc544b}</UniqueIdentifier>
    </Filter>
    <Filter Include="Archivos de encabezado\Layers">
      <UniqueIdentifier>{ee90a878-bbc2-465a-9132-a6e482cf9815}</UniqueIdentifier>
    </Filter>
    <Filter Include="Archivos de encabezado\Actors">
      <UniqueIdentifier>{9c153fcc-6718-452c-b5bf-da0d61bedf73}</UniqueIdentifier>
    </Filter>
    <Filter Include="Archivos de origen\Actors">
      <UniqueIdentifier>{ee01cd2d-e532-4c59-838e-e1c3db26d031}</UniqueIdentifier>
    </Filter>
    <Filter Include="Archivos de encabezado\Actors\Tiles">
      <UniqueIdentifier>{ceeb2771-8c58-4209-9c27-f2124e166180}</UniqueIdentifier>
    </Filter>
    <Filter Include="Archivos de origen\Actors\Tiles">
      <UniqueIdentifier>{35ef8b3c-c1f0-46af-8eed-8ac8685d1fb7}</UniqueIdentifier>
    </Filter>
    <Filter Include="Archivos de encabezado\Actors\Characters">
      <UniqueIdentifier>{535dc34c-cb48-47eb-bed1-90aaffd752ae}</UniqueIdentifier>
    </Filter>
    <Filter Include="Archivos de origen\Actors\Characters">
      <UniqueIdentifier>{6c8c1be5-3c06-4dc9-8efd-0bb9d2fecd72}</UniqueIdentifier>
    </Filter>
    <Filter Include="Archivos de encabezado\Actors\Characters\Enemies">
      <UniqueIdentifier>{3cc5edd7-810f-4f5b-b42d-b889559d1110}</UniqueIdentifier>
    </Filter>
    <Filter Include="Archivos de origen\Actors\Characters\Enemies">
      <UniqueIdentifier>{7a3dda3d-331d-40e1-a843-b86a17f1819a}</UniqueIdentifier>
    </Filter>
    <Filter Include="Archivos de encabezado\HUD">
      <UniqueIdentifier>{e8295fbf-be0d-4d03-8ad0-9ee60ccd4672}</UniqueIdentifier>
    </Filter>
    <Filter Include="Archivos de origen\HUD">
      <UniqueIdentifier>{f86ba234-5a19-49f0-a479-d5715e1c68c4}</UniqueIdentifier>
    </Filter>
    <Filter Include="Archivos de encabezado\Actors\HUD">
      <UniqueIdentifier>{31b71379-d317-47df-9b29-8130dc4cd943}</UniqueIdentifier>
    </Filter>
    <Filter Include="Archivos de origen\Actors\HUD">
      <UniqueIdentifier>{5f1e5ce5-b8a4-4c1f-a7d6-d2b2cddc3260}</UniqueIdentifier>
    </Filter>
    <Filter Include="Archivos de encabezado\Audio">
      <UniqueIdentifier>{63e82a7b-68b7-4c6d-bba8-94cca05d9a3e}</UniqueIdentifier>
    </Filter>
    <Filter Include="Archivos de origen\Audio">
      <UniqueIdentifier>{ec393a98-9bc6-47ef-9487-041c6d1247c1}</UniqueIdentifier>
    </Filter>
    <Filter Include="Archivos de encabezado\Environment">
      <UniqueIdentifier>{03f9e53d-52f8-4e5e-bc19-fff1b9d26e79}</UniqueIdentifier>
    </Filter>
    <Filter Include="Archivos de origen\Environment">
      <UniqueIdentifier>{eb010db8-5e14-4fa1-8a14-bfbda145f84f}</UniqueIdentifier>
    </Filter>
  </ItemGroup>
  <ItemGroup>
    <ClCompile Include="Main.cpp">
      <Filter>Archivos de origen</Filter>
    </ClCompile>
    <ClCompile Include="Game.cpp">
      <Filter>Archivos de origen</Filter>
    </ClCompile>
    <ClCompile Include="Layer.cpp">
      <Filter>Archivos de origen\Layers</Filter>
    </ClCompile>
    <ClCompile Include="GameLayer.cpp">
      <Filter>Archivos de origen\Layers</Filter>
    </ClCompile>
    <ClCompile Include="Actor.cpp">
      <Filter>Archivos de origen\Actors</Filter>
    </ClCompile>
    <ClCompile Include="Background.cpp">
      <Filter>Archivos de origen\Actors</Filter>
    </ClCompile>
    <ClCompile Include="Animation.cpp">
      <Filter>Archivos de origen</Filter>
    </ClCompile>
    <ClCompile Include="Level.cpp">
      <Filter>Archivos de origen\Environment</Filter>
    </ClCompile>
    <ClCompile Include="Room.cpp">
      <Filter>Archivos de origen\Environment</Filter>
    </ClCompile>
    <ClCompile Include="Tile.cpp">
      <Filter>Archivos de origen\Actors\Tiles</Filter>
    </ClCompile>
    <ClCompile Include="MappedTile.cpp">
      <Filter>Archivos de origen\Actors\Tiles</Filter>
    </ClCompile>
    <ClCompile Include="Rock.cpp">
      <Filter>Archivos de origen\Actors\Tiles</Filter>
    </ClCompile>
    <ClCompile Include="DestructibleTile.cpp">
      <Filter>Archivos de origen\Actors\Tiles</Filter>
    </ClCompile>
    <ClCompile Include="Door.cpp">
      <Filter>Archivos de origen\Actors\Tiles</Filter>
    </ClCompile>
    <ClCompile Include="Space.cpp">
      <Filter>Archivos de origen</Filter>
    </ClCompile>
    <ClCompile Include="Projectile.cpp">
      <Filter>Archivos de origen\Actors</Filter>
    </ClCompile>
    <ClCompile Include="Player.cpp">
      <Filter>Archivos de origen\Actors\Characters</Filter>
    </ClCompile>
    <ClCompile Include="Bird.cpp">
      <Filter>Archivos de origen\Actors\Characters\Enemies</Filter>
    </ClCompile>
    <ClCompile Include="Pig.cpp">
      <Filter>Archivos de origen\Actors\Characters\Enemies</Filter>
    </ClCompile>
    <ClCompile Include="Snail.cpp">
      <Filter>Archivos de origen\Actors\Characters\Enemies</Filter>
    </ClCompile>
    <ClCompile Include="EnemyFactory.cpp">
      <Filter>Archivos de origen\Actors\Characters\Enemies</Filter>
    </ClCompile>
    <ClCompile Include="Character.cpp">
      <Filter>Archivos de origen\Actors\Characters</Filter>
    </ClCompile>
    <ClCompile Include="Bee.cpp">
      <Filter>Archivos de origen\Actors\Characters\Enemies</Filter>
    </ClCompile>
    <ClCompile Include="Plant.cpp">
      <Filter>Archivos de origen\Actors\Characters\Enemies</Filter>
    </ClCompile>
    <ClCompile Include="Enemy.cpp">
      <Filter>Archivos de origen\Actors\Characters\Enemies</Filter>
    </ClCompile>
    <ClCompile Include="Hud.cpp">
      <Filter>Archivos de origen\HUD</Filter>
    </ClCompile>
    <ClCompile Include="Crosshair.cpp">
      <Filter>Archivos de origen\Actors\HUD</Filter>
    </ClCompile>
    <ClCompile Include="HealthDisplay.cpp">
      <Filter>Archivos de origen\HUD</Filter>
    </ClCompile>
    <ClCompile Include="HealthBar.cpp">
      <Filter>Archivos de origen\Actors\HUD</Filter>
    </ClCompile>
    <ClCompile Include="HudObserver.cpp">
      <Filter>Archivos de origen\HUD</Filter>
    </ClCompile>
    <ClCompile Include="AudioPlayer.cpp">
      <Filter>Archivos de origen\Audio</Filter>
    </ClCompile>
    <ClCompile Include="BackgroundAudio.cpp">
      <Filter>Archivos de origen\Audio</Filter>
    </ClCompile>
    <ClCompile Include="AudioClip.cpp">
      <Filter>Archivos de origen\Audio</Filter>
    </ClCompile>
    <ClCompile Include="AudioObserver.cpp">
      <Filter>Archivos de origen\Audio</Filter>
    </ClCompile>
    <ClCompile Include="Observer.cpp">
      <Filter>Archivos de origen</Filter>
    </ClCompile>
    <ClCompile Include="MapDisplay.cpp">
      <Filter>Archivos de origen\HUD</Filter>
    </ClCompile>
    <ClCompile Include="Coin.cpp">
      <Filter>Archivos de origen\Actors</Filter>
    </ClCompile>
    <ClCompile Include="Environment.cpp">
      <Filter>Archivos de origen\Environment</Filter>
    </ClCompile>
    <ClCompile Include="CoinBar.cpp">
      <Filter>Archivos de origen\Actors\HUD</Filter>
    </ClCompile>
    <ClCompile Include="CoinDisplay.cpp">
      <Filter>Archivos de origen\HUD</Filter>
    </ClCompile>
    <ClCompile Include="Text.cpp">
      <Filter>Archivos de origen\HUD</Filter>
    </ClCompile>
    <ClCompile Include="TextDisplay.cpp">
      <Filter>Archivos de origen\HUD</Filter>
    </ClCompile>
  </ItemGroup>
  <ItemGroup>
    <ClInclude Include="Game.h">
      <Filter>Archivos de encabezado</Filter>
    </ClInclude>
    <ClInclude Include="Layer.h">
      <Filter>Archivos de encabezado\Layers</Filter>
    </ClInclude>
    <ClInclude Include="GameLayer.h">
      <Filter>Archivos de encabezado\Layers</Filter>
    </ClInclude>
    <ClInclude Include="Actor.h">
      <Filter>Archivos de encabezado\Actors</Filter>
    </ClInclude>
    <ClInclude Include="Background.h">
      <Filter>Archivos de encabezado\Actors</Filter>
    </ClInclude>
    <ClInclude Include="Animation.h">
      <Filter>Archivos de encabezado</Filter>
    </ClInclude>
    <ClInclude Include="Level.h">
      <Filter>Archivos de encabezado\Environment</Filter>
    </ClInclude>
    <ClInclude Include="Room.h">
      <Filter>Archivos de encabezado\Environment</Filter>
    </ClInclude>
    <ClInclude Include="Tile.h">
      <Filter>Archivos de encabezado\Actors\Tiles</Filter>
    </ClInclude>
    <ClInclude Include="MappedTile.h">
      <Filter>Archivos de encabezado\Actors\Tiles</Filter>
    </ClInclude>
    <ClInclude Include="Rock.h">
      <Filter>Archivos de encabezado\Actors\Tiles</Filter>
    </ClInclude>
    <ClInclude Include="DestructibleTile.h">
      <Filter>Archivos de encabezado\Actors\Tiles</Filter>
    </ClInclude>
    <ClInclude Include="Door.h">
      <Filter>Archivos de encabezado\Actors\Tiles</Filter>
    </ClInclude>
    <ClInclude Include="Space.h">
      <Filter>Archivos de encabezado</Filter>
    </ClInclude>
    <ClInclude Include="Projectile.h">
      <Filter>Archivos de encabezado\Actors</Filter>
    </ClInclude>
    <ClInclude Include="Player.h">
      <Filter>Archivos de encabezado\Actors\Characters</Filter>
    </ClInclude>
    <ClInclude Include="Snail.h">
      <Filter>Archivos de encabezado\Actors\Characters\Enemies</Filter>
    </ClInclude>
    <ClInclude Include="Bird.h">
      <Filter>Archivos de encabezado\Actors\Characters\Enemies</Filter>
    </ClInclude>
    <ClInclude Include="Pig.h">
      <Filter>Archivos de encabezado\Actors\Characters\Enemies</Filter>
    </ClInclude>
    <ClInclude Include="EnemyFactory.h">
      <Filter>Archivos de encabezado\Actors\Characters\Enemies</Filter>
    </ClInclude>
    <ClInclude Include="Bee.h">
      <Filter>Archivos de encabezado\Actors\Characters\Enemies</Filter>
    </ClInclude>
    <ClInclude Include="Character.h">
      <Filter>Archivos de encabezado\Actors\Characters</Filter>
    </ClInclude>
    <ClInclude Include="Plant.h">
      <Filter>Archivos de encabezado\Actors\Characters\Enemies</Filter>
    </ClInclude>
    <ClInclude Include="Enemy.h">
      <Filter>Archivos de encabezado\Actors\Characters\Enemies</Filter>
    </ClInclude>
    <ClInclude Include="Hud.h">
      <Filter>Archivos de encabezado\HUD</Filter>
    </ClInclude>
    <ClInclude Include="Crosshair.h">
      <Filter>Archivos de encabezado\Actors\HUD</Filter>
    </ClInclude>
    <ClInclude Include="HealthDisplay.h">
      <Filter>Archivos de encabezado\HUD</Filter>
    </ClInclude>
    <ClInclude Include="HealthBar.h">
      <Filter>Archivos de encabezado\Actors\HUD</Filter>
    </ClInclude>
    <ClInclude Include="HudObserver.h">
      <Filter>Archivos de encabezado\HUD</Filter>
    </ClInclude>
    <ClInclude Include="AudioPlayer.h">
      <Filter>Archivos de encabezado\Audio</Filter>
    </ClInclude>
    <ClInclude Include="BackgroundAudio.h">
      <Filter>Archivos de encabezado\Audio</Filter>
    </ClInclude>
    <ClInclude Include="AudioClip.h">
      <Filter>Archivos de encabezado\Audio</Filter>
    </ClInclude>
    <ClInclude Include="AudioObserver.h">
      <Filter>Archivos de encabezado\Audio</Filter>
    </ClInclude>
    <ClInclude Include="Observer.h">
      <Filter>Archivos de encabezado</Filter>
    </ClInclude>
    <ClInclude Include="MapDisplay.h">
      <Filter>Archivos de encabezado\HUD</Filter>
    </ClInclude>
    <ClInclude Include="Coin.h">
      <Filter>Archivos de encabezado\Actors</Filter>
    </ClInclude>
    <ClInclude Include="Environment.h">
      <Filter>Archivos de encabezado\Environment</Filter>
    </ClInclude>
    <ClInclude Include="CoinBar.h">
      <Filter>Archivos de encabezado\Actors\HUD</Filter>
    </ClInclude>
    <ClInclude Include="CoinDisplay.h">
      <Filter>Archivos de encabezado\HUD</Filter>
    </ClInclude>
    <ClInclude Include="Text.h">
      <Filter>Archivos de encabezado\HUD</Filter>
    </ClInclude>
    <ClInclude Include="TextDisplay.h">
      <Filter>Archivos de encabezado\HUD</Filter>
    </ClInclude>
  </ItemGroup>
</Project>